uuid: b002db3a-b05c-4bc0-a941-6508a709aa4b
langcode: en
status: true
dependencies:
  module:
    - hwjma_basic_config
  theme:
    - hwjma
id: socialmediablock
theme: hwjma
region: footer_1
weight: 0
provider: null
plugin: social_media_block
settings:
  id: social_media_block
  label: 'Social Media block'
  provider: hwjma_basic_config
  label_display: '0'
visibility: {  }
